
Microsoft Visual Studio Solution File, Format Version 12.00
# Visual Studio Version 16
VisualStudioVersion = 16.0.809.7
MinimumVisualStudioVersion = 10.0.40219.1
Project("{FAE04EC0-301F-11D3-BF4B-00C04F79EFBC}") = "cs", "cs.csproj", "{53F4E3E6-4F09-4584-9A6A-B00993A9862E}"
EndProject
Global
	GlobalSection(SolutionConfigurationPlatforms) = preSolution
		Debug|Any CPU = Debug|Any CPU
		Release|Any CPU = Release|Any CPU
	EndGlobalSection
	GlobalSection(ProjectConfigurationPlatforms) = postSolution
		{53F4E3E6-4F09-4584-9A6A-B00993A9862E}.Debug|Any CPU.ActiveCfg = Debug|Any CPU
		{53F4E3E6-4F09-4584-9A6A-B00993A9862E}.Debug|Any CPU.Build.0 = Debug|Any CPU
		{53F4E3E6-4F09-4584-9A6A-B00993A9862E}.Release|Any CPU.ActiveCfg = Release|Any CPU
		{53F4E3E6-4F09-4584-9A6A-B00993A9862E}.Release|Any CPU.Build.0 = Release|Any CPU
	EndGlobalSection
	GlobalSection(SolutionProperties) = preSolution
		HideSolutionNode = FALSE
	EndGlobalSection
	GlobalSection(ExtensibilityGlobals) = postSolution
		SolutionGuid = {5C8B95CE-2175-4F14-B2C7-AE3A3A41F841}
	EndGlobalSection
EndGlobal
